<?xml version="1.0" encoding="UTF-8"?>
<Scheme
   version = "1.3">
   <BuildAction
      parallelizeBuildables = "YES"
      buildImplicitDependencies = "YES">
      <BuildActionEntries>
         <BuildActionEntry
            buildForTesting = "YES"
            buildForRunning = "YES"
            buildForProfiling = "YES"
            buildForArchiving = "YES"
            buildForAnalyzing = "YES">
            <BuildableReference
               BuildableIdentifier = "primary"
               BlueprintIdentifier = "ED8E3E5A15869C2300A078E6"
               BuildableName = "htk_utils"
               BlueprintName = "htk_utils"
               ReferencedContainer = "container:htk_utils.xcodeproj">
            </BuildableReference>
         </BuildActionEntry>
      </BuildActionEntries>
   </BuildAction>
   <TestAction
      selectedDebuggerIdentifier = "Xcode.DebuggerFoundation.Debugger.LLDB"
      selectedLauncherIdentifier = "Xcode.DebuggerFoundation.Launcher.LLDB"
      shouldUseLaunchSchemeArgsEnv = "YES"
      buildConfiguration = "Debug">
      <Testables>
      </Testables>
   </TestAction>
   <LaunchAction
      selectedDebuggerIdentifier = "Xcode.DebuggerFoundation.Debugger.GDB"
      selectedLauncherIdentifier = "Xcode.DebuggerFoundation.Launcher.GDB"
      launchStyle = "0"
      useCustomWorkingDirectory = "YES"
      customWorkingDirectory = "/Users/jkeshet/Projects/speech_intelligibility/experiments"
      buildConfiguration = "Debug"
      ignoresPersistentStateOnLaunch = "NO"
      debugDocumentVersioning = "YES"
      allowLocationSimulation = "YES">
      <PathRunnable
         FilePath = "/Users/jkeshet/Projects/speech_intelligibility/code/learning_tools/htk_utils/_Darwin_Debug/htk_ceps_dist">
      </PathRunnable>
      <CommandLineArguments>
         <CommandLineArgument
            argument = "-h data/train/dr4/fklc0/sx445.mfc"
            isEnabled = "NO">
         </CommandLineArgument>
         <CommandLineArgument
            argument = "&quot;#&quot; 0CHBNYUS_T0_F1.htk 0CHBNYUS_T0_F1.phn 0CHBNYUS_T0_F1.htk_out 0CHBNYUS_T0_F1.phn_out"
            isEnabled = "NO">
         </CommandLineArgument>
         <CommandLineArgument
            argument = "/Experiments/NKICCRT2012/mfcc/P4U7Z56U_T3_F1.htk.3.rm_sil aux/nkiccrt_mfcc_stats.txt /Experiments/NKICCRT2012/mfcc/P4U7Z56U_T3_F1.dist.3.rm_sil"
            isEnabled = "YES">
         </CommandLineArgument>
      </CommandLineArguments>
      <AdditionalOptions>
      </AdditionalOptions>
   </LaunchAction>
   <ProfileAction
      shouldUseLaunchSchemeArgsEnv = "YES"
      savedToolIdentifier = ""
      useCustomWorkingDirectory = "NO"
      buildConfiguration = "Release"
      debugDocumentVersioning = "YES">
   </ProfileAction>
   <AnalyzeAction
      buildConfiguration = "Debug">
   </AnalyzeAction>
   <ArchiveAction
      buildConfiguration = "Release"
      revealArchiveInOrganizer = "YES">
   </ArchiveAction>
</Scheme>
